
Microsoft Visual Studio Solution File, Format Version 12.00
# Visual Studio Version 16
VisualStudioVersion = 16.0.32510.428
MinimumVisualStudioVersion = 10.0.40219.1
Project("{FAE04EC0-301F-11D3-BF4B-00C04F79EFBC}") = "HOMEWORK3_INF272_U20494000", "HOMEWORK3_INF272_U20494000\HOMEWORK3_INF272_U20494000.csproj", "{E67EE81B-C87B-4846-BB20-835E643B282E}"
EndProject
Global
	GlobalSection(SolutionConfigurationPlatforms) = preSolution
		Debug|Any CPU = Debug|Any CPU
		Release|Any CPU = Release|Any CPU
	EndGlobalSection
	GlobalSection(ProjectConfigurationPlatforms) = postSolution
		{E67EE81B-C87B-4846-BB20-835E643B282E}.Debug|Any CPU.ActiveCfg = Debug|Any CPU
		{E67EE81B-C87B-4846-BB20-835E643B282E}.Debug|Any CPU.Build.0 = Debug|Any CPU
		{E67EE81B-C87B-4846-BB20-835E643B282E}.Release|Any CPU.ActiveCfg = Release|Any CPU
		{E67EE81B-C87B-4846-BB20-835E643B282E}.Release|Any CPU.Build.0 = Release|Any CPU
	EndGlobalSection
	GlobalSection(SolutionProperties) = preSolution
		HideSolutionNode = FALSE
	EndGlobalSection
	GlobalSection(ExtensibilityGlobals) = postSolution
		SolutionGuid = {33FF4267-7AA1-48BE-9009-75721192945D}
	EndGlobalSection
EndGlobal
